
Microsoft Visual Studio Solution File, Format Version 12.00
# Visual Studio Version 17
VisualStudioVersion = 17.8.34330.188
MinimumVisualStudioVersion = 10.0.40219.1
Project("{9A19103F-16F7-4668-BE54-9A1E7A4F7556}") = "OperationResult", "OperationResult.csproj", "{3683FAC2-6B22-4241-B4CF-ABA3E823346C}"
EndProject
Project("{FAE04EC0-301F-11D3-BF4B-00C04F79EFBC}") = "OperationResult.Tests", "..\OperationResult.Tests\OperationResult.Tests.csproj", "{60229A9A-79AC-4218-AE1B-EB9273CAE989}"
EndProject
Global
	GlobalSection(SolutionConfigurationPlatforms) = preSolution
		Debug|Any CPU = Debug|Any CPU
		Release|Any CPU = Release|Any CPU
	EndGlobalSection
	GlobalSection(ProjectConfigurationPlatforms) = postSolution
		{3683FAC2-6B22-4241-B4CF-ABA3E823346C}.Debug|Any CPU.ActiveCfg = Debug|Any CPU
		{3683FAC2-6B22-4241-B4CF-ABA3E823346C}.Debug|Any CPU.Build.0 = Debug|Any CPU
		{3683FAC2-6B22-4241-B4CF-ABA3E823346C}.Release|Any CPU.ActiveCfg = Release|Any CPU
		{3683FAC2-6B22-4241-B4CF-ABA3E823346C}.Release|Any CPU.Build.0 = Release|Any CPU
		{60229A9A-79AC-4218-AE1B-EB9273CAE989}.Debug|Any CPU.ActiveCfg = Debug|Any CPU
		{60229A9A-79AC-4218-AE1B-EB9273CAE989}.Debug|Any CPU.Build.0 = Debug|Any CPU
		{60229A9A-79AC-4218-AE1B-EB9273CAE989}.Release|Any CPU.ActiveCfg = Release|Any CPU
		{60229A9A-79AC-4218-AE1B-EB9273CAE989}.Release|Any CPU.Build.0 = Release|Any CPU
	EndGlobalSection
	GlobalSection(SolutionProperties) = preSolution
		HideSolutionNode = FALSE
	EndGlobalSection
	GlobalSection(ExtensibilityGlobals) = postSolution
		SolutionGuid = {310DECC5-ABAA-4104-8DC8-6EF5E0F44EA8}
	EndGlobalSection
EndGlobal
